{
    "_readme": [
        "This file locks the dependencies of your project to a known state",
        "Read more about it at https://getcomposer.org/doc/01-basic-usage.md#composer-lock-the-lock-file",
        "This file is @generated automatically"
    ],
    "content-hash": "0dd40accb772fa0856df7f1d1345d61a",
    "packages": [
        {
            "name": "fxp/composer-asset-plugin",
            "version": "v1.4.4",
            "source": {
                "type": "git",
                "url": "https://github.com/fxpio/composer-asset-plugin.git",
                "reference": "0d07328eef6e6f3753aa835fd2faef7fed1717bf"
            },
            "dist": {
                "type": "zip",
                "url": "https://api.github.com/repos/fxpio/composer-asset-plugin/zipball/0d07328eef6e6f3753aa835fd2faef7fed1717bf",
                "reference": "0d07328eef6e6f3753aa835fd2faef7fed1717bf",
                "shasum": ""
            },
            "require": {
                "composer-plugin-api": "^1.0",
                "php": ">=5.3.3"
            },
            "require-dev": {
                "composer/composer": "^1.6.0"
            },
            "type": "composer-plugin",
            "extra": {
                "class": "Fxp\\Composer\\AssetPlugin\\FxpAssetPlugin",
                "branch-alias": {
                    "dev-master": "1.4-dev"
                }
            },
            "autoload": {
                "psr-4": {
                    "Fxp\\Composer\\AssetPlugin\\": ""
                },
                "exclude-from-classmap": [
                    "/Tests/"
                ]
            },
            "notification-url": "https://packagist.org/downloads/",
            "license": [
                "MIT"
            ],
            "authors": [
                {
                    "name": "François Pluchino",
                    "email": "francois.pluchino@gmail.com"
                }
            ],
            "description": "NPM/Bower Dependency Manager for Composer",
            "homepage": "https://github.com/fxpio/composer-asset-plugin",
            "keywords": [
                "asset",
                "bower",
                "composer",
                "dependency manager",
                "nodejs",
                "npm",
                "package"
            ],
            "time": "2018-07-02T11:37:17+00:00"
        },
        {
            "name": "mouf/nodejs-installer",
            "version": "v1.0.13",
            "source": {
                "type": "git",
                "url": "https://github.com/thecodingmachine/nodejs-installer.git",
                "reference": "e9bc2e7c75665913dd73dc4765b40757e6796ee8"
            },
            "dist": {
                "type": "zip",
                "url": "https://api.github.com/repos/thecodingmachine/nodejs-installer/zipball/e9bc2e7c75665913dd73dc4765b40757e6796ee8",
                "reference": "e9bc2e7c75665913dd73dc4765b40757e6796ee8",
                "shasum": ""
            },
            "require": {
                "composer-plugin-api": "^1.0.0",
                "ext-openssl": "*",
                "php": ">=5.3.0"
            },
            "require-dev": {
                "composer/composer": "*"
            },
            "type": "composer-plugin",
            "extra": {
                "class": [
                    "Mouf\\NodeJsInstaller\\NodeJsPlugin"
                ],
                "mouf": {
                    "logo": "node-js.png"
                }
            },
            "autoload": {
                "psr-4": {
                    "Mouf\\NodeJsInstaller\\": "src/"
                }
            },
            "notification-url": "https://packagist.org/downloads/",
            "license": [
                "MIT"
            ],
            "authors": [
                {
                    "name": "David Négrier",
                    "email": "d.negrier@thecodingmachine.com",
                    "homepage": "http://mouf-php.com"
                }
            ],
            "description": "An installer package that let's you install NodeJS and NPM as a Composer dependency.",
            "homepage": "http://mouf-php.com/packages/mouf/nodejs-installer",
            "keywords": [
                "installer",
                "nodejs",
                "npm"
            ],
            "time": "2018-04-16T16:03:09+00:00"
        },
        {
            "name": "twilio/sdk",
            "version": "5.28.1",
            "source": {
                "type": "git",
                "url": "https://github.com/twilio/twilio-php.git",
                "reference": "d12afc8f14022b032a2f90f878534c63adc90e6c"
            },
            "dist": {
                "type": "zip",
                "url": "https://api.github.com/repos/twilio/twilio-php/zipball/d12afc8f14022b032a2f90f878534c63adc90e6c",
                "reference": "d12afc8f14022b032a2f90f878534c63adc90e6c",
                "shasum": ""
            },
            "require": {
                "php": ">=5.5.0"
            },
            "require-dev": {
                "apigen/apigen": "^4.1",
                "phpunit/phpunit": "4.5.*"
            },
            "type": "library",
            "autoload": {
                "psr-4": {
                    "Twilio\\": "Twilio/"
                }
            },
            "notification-url": "https://packagist.org/downloads/",
            "license": [
                "MIT"
            ],
            "authors": [
                {
                    "name": "Twilio API Team",
                    "email": "api@twilio.com"
                }
            ],
            "description": "A PHP wrapper for Twilio's API",
            "homepage": "http://github.com/twilio/twilio-php",
            "keywords": [
                "api",
                "sms",
                "twilio"
            ],
            "time": "2019-01-12T01:01:52+00:00"
        }
    ],
    "packages-dev": [],
    "aliases": [],
    "minimum-stability": "stable",
    "stability-flags": [],
    "prefer-stable": false,
    "prefer-lowest": false,
    "platform": [],
    "platform-dev": []
}
